
Microsoft Visual Studio Solution File, Format Version 12.00
# Visual Studio Version 16
VisualStudioVersion = 16.0.30717.126
MinimumVisualStudioVersion = 10.0.40219.1
Project("{FAE04EC0-301F-11D3-BF4B-00C04F79EFBC}") = "PerezPlanChecker", "PerezPlanChecker\PerezPlanChecker.csproj", "{1508E564-5CEC-4C83-9FF6-210FA7664889}"
EndProject
Global
	GlobalSection(SolutionConfigurationPlatforms) = preSolution
		Debug|x64 = Debug|x64
		Release|x64 = Release|x64
	EndGlobalSection
	GlobalSection(ProjectConfigurationPlatforms) = postSolution
		{1508E564-5CEC-4C83-9FF6-210FA7664889}.Debug|x64.ActiveCfg = Debug|x64
		{1508E564-5CEC-4C83-9FF6-210FA7664889}.Debug|x64.Build.0 = Debug|x64
		{1508E564-5CEC-4C83-9FF6-210FA7664889}.Release|x64.ActiveCfg = Release|x64
		{1508E564-5CEC-4C83-9FF6-210FA7664889}.Release|x64.Build.0 = Release|x64
	EndGlobalSection
	GlobalSection(SolutionProperties) = preSolution
		HideSolutionNode = FALSE
	EndGlobalSection
	GlobalSection(ExtensibilityGlobals) = postSolution
		SolutionGuid = {5FF73A0F-EFE3-43DC-A9A4-DB27E5192DE3}
	EndGlobalSection
EndGlobal
